// !$*UTF8*$!
{
	archiveVersion = 1;
	classes = {
	};
	objectVersion = 55;
	objects = {

/* Begin PBXBuildFile section */
		8490B9CB2850F00500638718 /* AppDelegate.swift in Sources */ = {isa = PBXBuildFile; fileRef = 8490B9CA2850F00500638718 /* AppDelegate.swift */; };
		8490B9CD2850F00500638718 /* ContentViewController.swift in Sources */ = {isa = PBXBuildFile; fileRef = 8490B9CC2850F00500638718 /* ContentViewController.swift */; };
		8490B9CF2850F00600638718 /* Assets.xcassets in Resources */ = {isa = PBXBuildFile; fileRef = 8490B9CE2850F00600638718 /* Assets.xcassets */; };
		8490B9D22850F00600638718 /* Main.storyboard in Resources */ = {isa = PBXBuildFile; fileRef = 8490B9D02850F00600638718 /* Main.storyboard */; };
		8490B9DD2850F00600638718 /* ReddensTests.swift in Sources */ = {isa = PBXBuildFile; fileRef = 8490B9DC2850F00600638718 /* ReddensTests.swift */; };
		8490B9E72850F00600638718 /* ReddensUITests.swift in Sources */ = {isa = PBXBuildFile; fileRef = 8490B9E62850F00600638718 /* ReddensUITests.swift */; };
		8490B9E92850F00600638718 /* ReddensUITestsLaunchTests.swift in Sources */ = {isa = PBXBuildFile; fileRef = 8490B9E82850F00600638718 /* ReddensUITestsLaunchTests.swift */; };
		8490B9F62856B94F00638718 /* Renderer.swift in Sources */ = {isa = PBXBuildFile; fileRef = 8490B9F52856B94F00638718 /* Renderer.swift */; };
		8490B9F82856BB9600638718 /* Primitive.swift in Sources */ = {isa = PBXBuildFile; fileRef = 8490B9F72856BB9600638718 /* Primitive.swift */; };
		8490B9FA2856C26600638718 /* Shaders.metal in Sources */ = {isa = PBXBuildFile; fileRef = 8490B9F92856C26600638718 /* Shaders.metal */; };
		8490B9FE2856C98500638718 /* Donut.usdc in Resources */ = {isa = PBXBuildFile; fileRef = 8490B9FD2856C98500638718 /* Donut.usdc */; };
		84EE8D632856CEE600DE894E /* train.usd in Resources */ = {isa = PBXBuildFile; fileRef = 84EE8D622856CEE600DE894E /* train.usd */; };
		84EE8D652856D44700DE894E /* Quad.swift in Sources */ = {isa = PBXBuildFile; fileRef = 84EE8D642856D44700DE894E /* Quad.swift */; };
		84EE8D6B2856E0A800DE894E /* Donut.obj in Resources */ = {isa = PBXBuildFile; fileRef = 84EE8D6A2856E0A800DE894E /* Donut.obj */; };
		84EE8D6D2856E0BA00DE894E /* Donut.mtl in Resources */ = {isa = PBXBuildFile; fileRef = 84EE8D6C2856E0BA00DE894E /* Donut.mtl */; };
		84EE8D6F2856EA9300DE894E /* SidebarViewController.swift in Sources */ = {isa = PBXBuildFile; fileRef = 84EE8D6E2856EA9300DE894E /* SidebarViewController.swift */; };
		84EE8D732856F93600DE894E /* MainWindowController.swift in Sources */ = {isa = PBXBuildFile; fileRef = 84EE8D722856F93600DE894E /* MainWindowController.swift */; };
		84EE8D7528578AB100DE894E /* SidebarView.swift in Sources */ = {isa = PBXBuildFile; fileRef = 84EE8D7428578AB100DE894E /* SidebarView.swift */; };
		84EE8D77285795D800DE894E /* InspectorView.swift in Sources */ = {isa = PBXBuildFile; fileRef = 84EE8D76285795D800DE894E /* InspectorView.swift */; };
		84EE8D8028593C9700DE894E /* Math.swift in Sources */ = {isa = PBXBuildFile; fileRef = 84EE8D7F28593C9700DE894E /* Math.swift */; };
/* End PBXBuildFile section */

/* Begin PBXContainerItemProxy section */
		8490B9D92850F00600638718 /* PBXContainerItemProxy */ = {
			isa = PBXContainerItemProxy;
			containerPortal = 8490B9BF2850F00500638718 /* Project object */;
			proxyType = 1;
			remoteGlobalIDString = 8490B9C62850F00500638718;
			remoteInfo = Reddens;
		};
		8490B9E32850F00600638718 /* PBXContainerItemProxy */ = {
			isa = PBXContainerItemProxy;
			containerPortal = 8490B9BF2850F00500638718 /* Project object */;
			proxyType = 1;
			remoteGlobalIDString = 8490B9C62850F00500638718;
			remoteInfo = Reddens;
		};
/* End PBXContainerItemProxy section */

/* Begin PBXFileReference section */
		8490B9C72850F00500638718 /* Reddens.app */ = {isa = PBXFileReference; explicitFileType = wrapper.application; includeInIndex = 0; path = Reddens.app; sourceTree = BUILT_PRODUCTS_DIR; };
		8490B9CA2850F00500638718 /* AppDelegate.swift */ = {isa = PBXFileReference; lastKnownFileType = sourcecode.swift; path = AppDelegate.swift; sourceTree = "<group>"; };
		8490B9CC2850F00500638718 /* ContentViewController.swift */ = {isa = PBXFileReference; lastKnownFileType = sourcecode.swift; path = ContentViewController.swift; sourceTree = "<group>"; };
		8490B9CE2850F00600638718 /* Assets.xcassets */ = {isa = PBXFileReference; lastKnownFileType = folder.assetcatalog; path = Assets.xcassets; sourceTree = "<group>"; };
		8490B9D12850F00600638718 /* Base */ = {isa = PBXFileReference; lastKnownFileType = file.storyboard; name = Base; path = Base.lproj/Main.storyboard; sourceTree = "<group>"; };
		8490B9D32850F00600638718 /* Reddens.entitlements */ = {isa = PBXFileReference; lastKnownFileType = text.plist.entitlements; path = Reddens.entitlements; sourceTree = "<group>"; };
		8490B9D82850F00600638718 /* ReddensTests.xctest */ = {isa = PBXFileReference; explicitFileType = wrapper.cfbundle; includeInIndex = 0; path = ReddensTests.xctest; sourceTree = BUILT_PRODUCTS_DIR; };
		8490B9DC2850F00600638718 /* ReddensTests.swift */ = {isa = PBXFileReference; lastKnownFileType = sourcecode.swift; path = ReddensTests.swift; sourceTree = "<group>"; };
		8490B9E22850F00600638718 /* ReddensUITests.xctest */ = {isa = PBXFileReference; explicitFileType = wrapper.cfbundle; includeInIndex = 0; path = ReddensUITests.xctest; sourceTree = BUILT_PRODUCTS_DIR; };
		8490B9E62850F00600638718 /* ReddensUITests.swift */ = {isa = PBXFileReference; lastKnownFileType = sourcecode.swift; path = ReddensUITests.swift; sourceTree = "<group>"; };
		8490B9E82850F00600638718 /* ReddensUITestsLaunchTests.swift */ = {isa = PBXFileReference; lastKnownFileType = sourcecode.swift; path = ReddensUITestsLaunchTests.swift; sourceTree = "<group>"; };
		8490B9F52856B94F00638718 /* Renderer.swift */ = {isa = PBXFileReference; lastKnownFileType = sourcecode.swift; path = Renderer.swift; sourceTree = "<group>"; };
		8490B9F72856BB9600638718 /* Primitive.swift */ = {isa = PBXFileReference; lastKnownFileType = sourcecode.swift; path = Primitive.swift; sourceTree = "<group>"; };
		8490B9F92856C26600638718 /* Shaders.metal */ = {isa = PBXFileReference; lastKnownFileType = sourcecode.metal; path = Shaders.metal; sourceTree = "<group>"; };
		8490B9FD2856C98500638718 /* Donut.usdc */ = {isa = PBXFileReference; lastKnownFileType = file; path = Donut.usdc; sourceTree = "<group>"; };
		84EE8D622856CEE600DE894E /* train.usd */ = {isa = PBXFileReference; lastKnownFileType = file; path = train.usd; sourceTree = "<group>"; };
		84EE8D642856D44700DE894E /* Quad.swift */ = {isa = PBXFileReference; lastKnownFileType = sourcecode.swift; path = Quad.swift; sourceTree = "<group>"; };
		84EE8D6A2856E0A800DE894E /* Donut.obj */ = {isa = PBXFileReference; fileEncoding = 4; lastKnownFileType = text; path = Donut.obj; sourceTree = "<group>"; };
		84EE8D6C2856E0BA00DE894E /* Donut.mtl */ = {isa = PBXFileReference; fileEncoding = 4; lastKnownFileType = text; path = Donut.mtl; sourceTree = "<group>"; };
		84EE8D6E2856EA9300DE894E /* SidebarViewController.swift */ = {isa = PBXFileReference; lastKnownFileType = sourcecode.swift; path = SidebarViewController.swift; sourceTree = "<group>"; };
		84EE8D722856F93600DE894E /* MainWindowController.swift */ = {isa = PBXFileReference; lastKnownFileType = sourcecode.swift; path = MainWindowController.swift; sourceTree = "<group>"; };
		84EE8D7428578AB100DE894E /* SidebarView.swift */ = {isa = PBXFileReference; lastKnownFileType = sourcecode.swift; path = SidebarView.swift; sourceTree = "<group>"; };
		84EE8D76285795D800DE894E /* InspectorView.swift */ = {isa = PBXFileReference; lastKnownFileType = sourcecode.swift; path = InspectorView.swift; sourceTree = "<group>"; };
		84EE8D7E2857CDEC00DE894E /* Common.h */ = {isa = PBXFileReference; lastKnownFileType = sourcecode.c.h; path = Common.h; sourceTree = "<group>"; };
		84EE8D7F28593C9700DE894E /* Math.swift */ = {isa = PBXFileReference; lastKnownFileType = sourcecode.swift; path = Math.swift; sourceTree = "<group>"; };
/* End PBXFileReference section */

/* Begin PBXFrameworksBuildPhase section */
		8490B9C42850F00500638718 /* Frameworks */ = {
			isa = PBXFrameworksBuildPhase;
			buildActionMask = 2147483647;
			files = (
			);
			runOnlyForDeploymentPostprocessing = 0;
		};
		8490B9D52850F00600638718 /* Frameworks */ = {
			isa = PBXFrameworksBuildPhase;
			buildActionMask = 2147483647;
			files = (
			);
			runOnlyForDeploymentPostprocessing = 0;
		};
		8490B9DF2850F00600638718 /* Frameworks */ = {
			isa = PBXFrameworksBuildPhase;
			buildActionMask = 2147483647;
			files = (
			);
			runOnlyForDeploymentPostprocessing = 0;
		};
/* End PBXFrameworksBuildPhase section */

/* Begin PBXGroup section */
		8490B9BE2850F00500638718 = {
			isa = PBXGroup;
			children = (
				8490B9C92850F00500638718 /* Reddens */,
				8490B9DB2850F00600638718 /* ReddensTests */,
				8490B9E52850F00600638718 /* ReddensUITests */,
				8490B9C82850F00500638718 /* Products */,
			);
			sourceTree = "<group>";
		};
		8490B9C82850F00500638718 /* Products */ = {
			isa = PBXGroup;
			children = (
				8490B9C72850F00500638718 /* Reddens.app */,
				8490B9D82850F00600638718 /* ReddensTests.xctest */,
				8490B9E22850F00600638718 /* ReddensUITests.xctest */,
			);
			name = Products;
			sourceTree = "<group>";
		};
		8490B9C92850F00500638718 /* Reddens */ = {
			isa = PBXGroup;
			children = (
				84EE8D7D2857B02300DE894E /* Resources */,
				84EE8D7C2857AFB800DE894E /* Core */,
				84EE8D7B2857AF9100DE894E /* Views */,
				84EE8D7A2857AF8200DE894E /* Controllers */,
				8490B9CA2850F00500638718 /* AppDelegate.swift */,
				8490B9CE2850F00600638718 /* Assets.xcassets */,
				8490B9D02850F00600638718 /* Main.storyboard */,
				8490B9D32850F00600638718 /* Reddens.entitlements */,
			);
			path = Reddens;
			sourceTree = "<group>";
		};
		8490B9DB2850F00600638718 /* ReddensTests */ = {
			isa = PBXGroup;
			children = (
				8490B9DC2850F00600638718 /* ReddensTests.swift */,
			);
			path = ReddensTests;
			sourceTree = "<group>";
		};
		8490B9E52850F00600638718 /* ReddensUITests */ = {
			isa = PBXGroup;
			children = (
				8490B9E62850F00600638718 /* ReddensUITests.swift */,
				8490B9E82850F00600638718 /* ReddensUITestsLaunchTests.swift */,
			);
			path = ReddensUITests;
			sourceTree = "<group>";
		};
		84EE8D7A2857AF8200DE894E /* Controllers */ = {
			isa = PBXGroup;
			children = (
				84EE8D722856F93600DE894E /* MainWindowController.swift */,
				8490B9CC2850F00500638718 /* ContentViewController.swift */,
				84EE8D6E2856EA9300DE894E /* SidebarViewController.swift */,
			);
			path = Controllers;
			sourceTree = "<group>";
		};
		84EE8D7B2857AF9100DE894E /* Views */ = {
			isa = PBXGroup;
			children = (
				84EE8D76285795D800DE894E /* InspectorView.swift */,
				84EE8D7428578AB100DE894E /* SidebarView.swift */,
			);
			path = Views;
			sourceTree = "<group>";
		};
		84EE8D7C2857AFB800DE894E /* Core */ = {
			isa = PBXGroup;
			children = (
				8490B9F92856C26600638718 /* Shaders.metal */,
				8490B9F72856BB9600638718 /* Primitive.swift */,
				84EE8D642856D44700DE894E /* Quad.swift */,
				8490B9F52856B94F00638718 /* Renderer.swift */,
				84EE8D7F28593C9700DE894E /* Math.swift */,
				84EE8D7E2857CDEC00DE894E /* Common.h */,
			);
			path = Core;
			sourceTree = "<group>";
		};
		84EE8D7D2857B02300DE894E /* Resources */ = {
			isa = PBXGroup;
			children = (
				84EE8D6C2856E0BA00DE894E /* Donut.mtl */,
				8490B9FD2856C98500638718 /* Donut.usdc */,
				84EE8D6A2856E0A800DE894E /* Donut.obj */,
				84EE8D622856CEE600DE894E /* train.usd */,
			);
			path = Resources;
			sourceTree = "<group>";
		};
/* End PBXGroup section */

/* Begin PBXNativeTarget section */
		8490B9C62850F00500638718 /* Reddens */ = {
			isa = PBXNativeTarget;
			buildConfigurationList = 8490B9EC2850F00600638718 /* Build configuration list for PBXNativeTarget "Reddens" */;
			buildPhases = (
				8490B9C32850F00500638718 /* Sources */,
				8490B9C42850F00500638718 /* Frameworks */,
				8490B9C52850F00500638718 /* Resources */,
			);
			buildRules = (
			);
			dependencies = (
			);
			name = Reddens;
			productName = Reddens;
			productReference = 8490B9C72850F00500638718 /* Reddens.app */;
			productType = "com.apple.product-type.application";
		};
		8490B9D72850F00600638718 /* ReddensTests */ = {
			isa = PBXNativeTarget;
			buildConfigurationList = 8490B9EF2850F00600638718 /* Build configuration list for PBXNativeTarget "ReddensTests" */;
			buildPhases = (
				8490B9D42850F00600638718 /* Sources */,
				8490B9D52850F00600638718 /* Frameworks */,
				8490B9D62850F00600638718 /* Resources */,
			);
			buildRules = (
			);
			dependencies = (
				8490B9DA2850F00600638718 /* PBXTargetDependency */,
			);
			name = ReddensTests;
			productName = ReddensTests;
			productReference = 8490B9D82850F00600638718 /* ReddensTests.xctest */;
			productType = "com.apple.product-type.bundle.unit-test";
		};
		8490B9E12850F00600638718 /* ReddensUITests */ = {
			isa = PBXNativeTarget;
			buildConfigurationList = 8490B9F22850F00600638718 /* Build configuration list for PBXNativeTarget "ReddensUITests" */;
			buildPhases = (
				8490B9DE2850F00600638718 /* Sources */,
				8490B9DF2850F00600638718 /* Frameworks */,
				8490B9E02850F00600638718 /* Resources */,
			);
			buildRules = (
			);
			dependencies = (
				8490B9E42850F00600638718 /* PBXTargetDependency */,
			);
			name = ReddensUITests;
			productName = ReddensUITests;
			productReference = 8490B9E22850F00600638718 /* ReddensUITests.xctest */;
			productType = "com.apple.product-type.bundle.ui-testing";
		};
/* End PBXNativeTarget section */

/* Begin PBXProject section */
		8490B9BF2850F00500638718 /* Project object */ = {
			isa = PBXProject;
			attributes = {
				BuildIndependentTargetsInParallel = 1;
				LastSwiftUpdateCheck = 1340;
				LastUpgradeCheck = 1340;
				TargetAttributes = {
					8490B9C62850F00500638718 = {
						CreatedOnToolsVersion = 13.4;
					};
					8490B9D72850F00600638718 = {
						CreatedOnToolsVersion = 13.4;
						TestTargetID = 8490B9C62850F00500638718;
					};
					8490B9E12850F00600638718 = {
						CreatedOnToolsVersion = 13.4;
						TestTargetID = 8490B9C62850F00500638718;
					};
				};
			};
			buildConfigurationList = 8490B9C22850F00500638718 /* Build configuration list for PBXProject "Reddens" */;
			compatibilityVersion = "Xcode 13.0";
			developmentRegion = en;
			hasScannedForEncodings = 0;
			knownRegions = (
				en,
				Base,
			);
			mainGroup = 8490B9BE2850F00500638718;
			productRefGroup = 8490B9C82850F00500638718 /* Products */;
			projectDirPath = "";
			projectRoot = "";
			targets = (
				8490B9C62850F00500638718 /* Reddens */,
				8490B9D72850F00600638718 /* ReddensTests */,
				8490B9E12850F00600638718 /* ReddensUITests */,
			);
		};
/* End PBXProject section */

/* Begin PBXResourcesBuildPhase section */
		8490B9C52850F00500638718 /* Resources */ = {
			isa = PBXResourcesBuildPhase;
			buildActionMask = 2147483647;
			files = (
				8490B9CF2850F00600638718 /* Assets.xcassets in Resources */,
				84EE8D632856CEE600DE894E /* train.usd in Resources */,
				84EE8D6D2856E0BA00DE894E /* Donut.mtl in Resources */,
				84EE8D6B2856E0A800DE894E /* Donut.obj in Resources */,
				8490B9D22850F00600638718 /* Main.storyboard in Resources */,
				8490B9FE2856C98500638718 /* Donut.usdc in Resources */,
			);
			runOnlyForDeploymentPostprocessing = 0;
		};
		8490B9D62850F00600638718 /* Resources */ = {
			isa = PBXResourcesBuildPhase;
			buildActionMask = 2147483647;
			files = (
			);
			runOnlyForDeploymentPostprocessing = 0;
		};
		8490B9E02850F00600638718 /* Resources */ = {
			isa = PBXResourcesBuildPhase;
			buildActionMask = 2147483647;
			files = (
			);
			runOnlyForDeploymentPostprocessing = 0;
		};
/* End PBXResourcesBuildPhase section */

/* Begin PBXSourcesBuildPhase section */
		8490B9C32850F00500638718 /* Sources */ = {
			isa = PBXSourcesBuildPhase;
			buildActionMask = 2147483647;
			files = (
				84EE8D77285795D800DE894E /* InspectorView.swift in Sources */,
				84EE8D652856D44700DE894E /* Quad.swift in Sources */,
				84EE8D8028593C9700DE894E /* Math.swift in Sources */,
				8490B9CD2850F00500638718 /* ContentViewController.swift in Sources */,
				8490B9F62856B94F00638718 /* Renderer.swift in Sources */,
				84EE8D732856F93600DE894E /* MainWindowController.swift in Sources */,
				8490B9CB2850F00500638718 /* AppDelegate.swift in Sources */,
				84EE8D7528578AB100DE894E /* SidebarView.swift in Sources */,
				8490B9F82856BB9600638718 /* Primitive.swift in Sources */,
				84EE8D6F2856EA9300DE894E /* SidebarViewController.swift in Sources */,
				8490B9FA2856C26600638718 /* Shaders.metal in Sources */,
			);
			runOnlyForDeploymentPostprocessing = 0;
		};
		8490B9D42850F00600638718 /* Sources */ = {
			isa = PBXSourcesBuildPhase;
			buildActionMask = 2147483647;
			files = (
				8490B9DD2850F00600638718 /* ReddensTests.swift in Sources */,
			);
			runOnlyForDeploymentPostprocessing = 0;
		};
		8490B9DE2850F00600638718 /* Sources */ = {
			isa = PBXSourcesBuildPhase;
			buildActionMask = 2147483647;
			files = (
				8490B9E92850F00600638718 /* ReddensUITestsLaunchTests.swift in Sources */,
				8490B9E72850F00600638718 /* ReddensUITests.swift in Sources */,
			);
			runOnlyForDeploymentPostprocessing = 0;
		};
/* End PBXSourcesBuildPhase section */

/* Begin PBXTargetDependency section */
		8490B9DA2850F00600638718 /* PBXTargetDependency */ = {
			isa = PBXTargetDependency;
			target = 8490B9C62850F00500638718 /* Reddens */;
			targetProxy = 8490B9D92850F00600638718 /* PBXContainerItemProxy */;
		};
		8490B9E42850F00600638718 /* PBXTargetDependency */ = {
			isa = PBXTargetDependency;
			target = 8490B9C62850F00500638718 /* Reddens */;
			targetProxy = 8490B9E32850F00600638718 /* PBXContainerItemProxy */;
		};
/* End PBXTargetDependency section */

/* Begin PBXVariantGroup section */
		8490B9D02850F00600638718 /* Main.storyboard */ = {
			isa = PBXVariantGroup;
			children = (
				8490B9D12850F00600638718 /* Base */,
			);
			name = Main.storyboard;
			sourceTree = "<group>";
		};
/* End PBXVariantGroup section */

/* Begin XCBuildConfiguration section */
		8490B9EA2850F00600638718 /* Debug */ = {
			isa = XCBuildConfiguration;
			buildSettings = {
				ALWAYS_SEARCH_USER_PATHS = NO;
				CLANG_ANALYZER_NONNULL = YES;
				CLANG_ANALYZER_NUMBER_OBJECT_CONVERSION = YES_AGGRESSIVE;
				CLANG_CXX_LANGUAGE_STANDARD = "gnu++17";
				CLANG_ENABLE_MODULES = YES;
				CLANG_ENABLE_OBJC_ARC = YES;
				CLANG_ENABLE_OBJC_WEAK = YES;
				CLANG_WARN_BLOCK_CAPTURE_AUTORELEASING = YES;
				CLANG_WARN_BOOL_CONVERSION = YES;
				CLANG_WARN_COMMA = YES;
				CLANG_WARN_CONSTANT_CONVERSION = YES;
				CLANG_WARN_DEPRECATED_OBJC_IMPLEMENTATIONS = YES;
				CLANG_WARN_DIRECT_OBJC_ISA_USAGE = YES_ERROR;
				CLANG_WARN_DOCUMENTATION_COMMENTS = YES;
				CLANG_WARN_EMPTY_BODY = YES;
				CLANG_WARN_ENUM_CONVERSION = YES;
				CLANG_WARN_INFINITE_RECURSION = YES;
				CLANG_WARN_INT_CONVERSION = YES;
				CLANG_WARN_NON_LITERAL_NULL_CONVERSION = YES;
				CLANG_WARN_OBJC_IMPLICIT_RETAIN_SELF = YES;
				CLANG_WARN_OBJC_LITERAL_CONVERSION = YES;
				CLANG_WARN_OBJC_ROOT_CLASS = YES_ERROR;
				CLANG_WARN_QUOTED_INCLUDE_IN_FRAMEWORK_HEADER = YES;
				CLANG_WARN_RANGE_LOOP_ANALYSIS = YES;
				CLANG_WARN_STRICT_PROTOTYPES = YES;
				CLANG_WARN_SUSPICIOUS_MOVE = YES;
				CLANG_WARN_UNGUARDED_AVAILABILITY = YES_AGGRESSIVE;
				CLANG_WARN_UNREACHABLE_CODE = YES;
				CLANG_WARN__DUPLICATE_METHOD_MATCH = YES;
				COPY_PHASE_STRIP = NO;
				DEBUG_INFORMATION_FORMAT = dwarf;
				ENABLE_STRICT_OBJC_MSGSEND = YES;
				ENABLE_TESTABILITY = YES;
				GCC_C_LANGUAGE_STANDARD = gnu11;
				GCC_DYNAMIC_NO_PIC = NO;
				GCC_NO_COMMON_BLOCKS = YES;
				GCC_OPTIMIZATION_LEVEL = 0;
				GCC_PREPROCESSOR_DEFINITIONS = (
					"DEBUG=1",
					"$(inherited)",
				);
				GCC_WARN_64_TO_32_BIT_CONVERSION = YES;
				GCC_WARN_ABOUT_RETURN_TYPE = YES_ERROR;
				GCC_WARN_UNDECLARED_SELECTOR = YES;
				GCC_WARN_UNINITIALIZED_AUTOS = YES_AGGRESSIVE;
				GCC_WARN_UNUSED_FUNCTION = YES;
				GCC_WARN_UNUSED_VARIABLE = YES;
				MACOSX_DEPLOYMENT_TARGET = 12.3;
				MTL_ENABLE_DEBUG_INFO = INCLUDE_SOURCE;
				MTL_FAST_MATH = YES;
				ONLY_ACTIVE_ARCH = YES;
				SDKROOT = macosx;
				SWIFT_ACTIVE_COMPILATION_CONDITIONS = DEBUG;
				SWIFT_OPTIMIZATION_LEVEL = "-Onone";
			};
			name = Debug;
		};
		8490B9EB2850F00600638718 /* Release */ = {
			isa = XCBuildConfiguration;
			buildSettings = {
				ALWAYS_SEARCH_USER_PATHS = NO;
				CLANG_ANALYZER_NONNULL = YES;
				CLANG_ANALYZER_NUMBER_OBJECT_CONVERSION = YES_AGGRESSIVE;
				CLANG_CXX_LANGUAGE_STANDARD = "gnu++17";
				CLANG_ENABLE_MODULES = YES;
				CLANG_ENABLE_OBJC_ARC = YES;
				CLANG_ENABLE_OBJC_WEAK = YES;
				CLANG_WARN_BLOCK_CAPTURE_AUTORELEASING = YES;
				CLANG_WARN_BOOL_CONVERSION = YES;
				CLANG_WARN_COMMA = YES;
				CLANG_WARN_CONSTANT_CONVERSION = YES;
				CLANG_WARN_DEPRECATED_OBJC_IMPLEMENTATIONS = YES;
				CLANG_WARN_DIRECT_OBJC_ISA_USAGE = YES_ERROR;
				CLANG_WARN_DOCUMENTATION_COMMENTS = YES;
				CLANG_WARN_EMPTY_BODY = YES;
				CLANG_WARN_ENUM_CONVERSION = YES;
				CLANG_WARN_INFINITE_RECURSION = YES;
				CLANG_WARN_INT_CONVERSION = YES;
				CLANG_WARN_NON_LITERAL_NULL_CONVERSION = YES;
				CLANG_WARN_OBJC_IMPLICIT_RETAIN_SELF = YES;
				CLANG_WARN_OBJC_LITERAL_CONVERSION = YES;
				CLANG_WARN_OBJC_ROOT_CLASS = YES_ERROR;
				CLANG_WARN_QUOTED_INCLUDE_IN_FRAMEWORK_HEADER = YES;
				CLANG_WARN_RANGE_LOOP_ANALYSIS = YES;
				CLANG_WARN_STRICT_PROTOTYPES = YES;
				CLANG_WARN_SUSPICIOUS_MOVE = YES;
				CLANG_WARN_UNGUARDED_AVAILABILITY = YES_AGGRESSIVE;
				CLANG_WARN_UNREACHABLE_CODE = YES;
				CLANG_WARN__DUPLICATE_METHOD_MATCH = YES;
				COPY_PHASE_STRIP = NO;
				DEBUG_INFORMATION_FORMAT = "dwarf-with-dsym";
				ENABLE_NS_ASSERTIONS = NO;
				ENABLE_STRICT_OBJC_MSGSEND = YES;
				GCC_C_LANGUAGE_STANDARD = gnu11;
				GCC_NO_COMMON_BLOCKS = YES;
				GCC_WARN_64_TO_32_BIT_CONVERSION = YES;
				GCC_WARN_ABOUT_RETURN_TYPE = YES_ERROR;
				GCC_WARN_UNDECLARED_SELECTOR = YES;
				GCC_WARN_UNINITIALIZED_AUTOS = YES_AGGRESSIVE;
				GCC_WARN_UNUSED_FUNCTION = YES;
				GCC_WARN_UNUSED_VARIABLE = YES;
				MACOSX_DEPLOYMENT_TARGET = 12.3;
				MTL_ENABLE_DEBUG_INFO = NO;
				MTL_FAST_MATH = YES;
				SDKROOT = macosx;
				SWIFT_COMPILATION_MODE = wholemodule;
				SWIFT_OPTIMIZATION_LEVEL = "-O";
			};
			name = Release;
		};
		8490B9ED2850F00600638718 /* Debug */ = {
			isa = XCBuildConfiguration;
			buildSettings = {
				ASSETCATALOG_COMPILER_APPICON_NAME = AppIcon;
				ASSETCATALOG_COMPILER_GLOBAL_ACCENT_COLOR_NAME = AccentColor;
				CODE_SIGN_ENTITLEMENTS = Reddens/Reddens.entitlements;
				CODE_SIGN_STYLE = Automatic;
				COMBINE_HIDPI_IMAGES = YES;
				CURRENT_PROJECT_VERSION = 1;
				DEVELOPMENT_TEAM = 22B6NRXQVX;
				ENABLE_HARDENED_RUNTIME = YES;
				GENERATE_INFOPLIST_FILE = YES;
				INFOPLIST_KEY_NSHumanReadableCopyright = "";
				INFOPLIST_KEY_NSMainStoryboardFile = Main;
				INFOPLIST_KEY_NSPrincipalClass = NSApplication;
				LD_RUNPATH_SEARCH_PATHS = (
					"$(inherited)",
					"@executable_path/../Frameworks",
				);
				MARKETING_VERSION = 1.0;
				PRODUCT_BUNDLE_IDENTIFIER = app.qjx.Reddens;
				PRODUCT_NAME = "$(TARGET_NAME)";
				SWIFT_EMIT_LOC_STRINGS = YES;
				SWIFT_OBJC_BRIDGING_HEADER = Reddens/Core/Common.h;
				SWIFT_VERSION = 5.0;
			};
			name = Debug;
		};
		8490B9EE2850F00600638718 /* Release */ = {
			isa = XCBuildConfiguration;
			buildSettings = {
				ASSETCATALOG_COMPILER_APPICON_NAME = AppIcon;
				ASSETCATALOG_COMPILER_GLOBAL_ACCENT_COLOR_NAME = AccentColor;
				CODE_SIGN_ENTITLEMENTS = Reddens/Reddens.entitlements;
				CODE_SIGN_STYLE = Automatic;
				COMBINE_HIDPI_IMAGES = YES;
				CURRENT_PROJECT_VERSION = 1;
				DEVELOPMENT_TEAM = 22B6NRXQVX;
				ENABLE_HARDENED_RUNTIME = YES;
				GENERATE_INFOPLIST_FILE = YES;
				INFOPLIST_KEY_NSHumanReadableCopyright = "";
				INFOPLIST_KEY_NSMainStoryboardFile = Main;
				INFOPLIST_KEY_NSPrincipalClass = NSApplication;
				LD_RUNPATH_SEARCH_PATHS = (
					"$(inherited)",
					"@executable_path/../Frameworks",
				);
				MARKETING_VERSION = 1.0;
				PRODUCT_BUNDLE_IDENTIFIER = app.qjx.Reddens;
				PRODUCT_NAME = "$(TARGET_NAME)";
				SWIFT_EMIT_LOC_STRINGS = YES;
				SWIFT_OBJC_BRIDGING_HEADER = Reddens/Core/Common.h;
				SWIFT_VERSION = 5.0;
			};
			name = Release;
		};
		8490B9F02850F00600638718 /* Debug */ = {
			isa = XCBuildConfiguration;
			buildSettings = {
				ALWAYS_EMBED_SWIFT_STANDARD_LIBRARIES = YES;
				BUNDLE_LOADER = "$(TEST_HOST)";
				CODE_SIGN_STYLE = Automatic;
				CURRENT_PROJECT_VERSION = 1;
				DEVELOPMENT_TEAM = 22B6NRXQVX;
				GENERATE_INFOPLIST_FILE = YES;
				MACOSX_DEPLOYMENT_TARGET = 12.3;
				MARKETING_VERSION = 1.0;
				PRODUCT_BUNDLE_IDENTIFIER = app.qjx.ReddensTests;
				PRODUCT_NAME = "$(TARGET_NAME)";
				SWIFT_EMIT_LOC_STRINGS = NO;
				SWIFT_VERSION = 5.0;
				TEST_HOST = "$(BUILT_PRODUCTS_DIR)/Reddens.app/Contents/MacOS/Reddens";
			};
			name = Debug;
		};
		8490B9F12850F00600638718 /* Release */ = {
			isa = XCBuildConfiguration;
			buildSettings = {
				ALWAYS_EMBED_SWIFT_STANDARD_LIBRARIES = YES;
				BUNDLE_LOADER = "$(TEST_HOST)";
				CODE_SIGN_STYLE = Automatic;
				CURRENT_PROJECT_VERSION = 1;
				DEVELOPMENT_TEAM = 22B6NRXQVX;
				GENERATE_INFOPLIST_FILE = YES;
				MACOSX_DEPLOYMENT_TARGET = 12.3;
				MARKETING_VERSION = 1.0;
				PRODUCT_BUNDLE_IDENTIFIER = app.qjx.ReddensTests;
				PRODUCT_NAME = "$(TARGET_NAME)";
				SWIFT_EMIT_LOC_STRINGS = NO;
				SWIFT_VERSION = 5.0;
				TEST_HOST = "$(BUILT_PRODUCTS_DIR)/Reddens.app/Contents/MacOS/Reddens";
			};
			name = Release;
		};
		8490B9F32850F00600638718 /* Debug */ = {
			isa = XCBuildConfiguration;
			buildSettings = {
				ALWAYS_EMBED_SWIFT_STANDARD_LIBRARIES = YES;
				CODE_SIGN_STYLE = Automatic;
				CURRENT_PROJECT_VERSION = 1;
				DEVELOPMENT_TEAM = 22B6NRXQVX;
				GENERATE_INFOPLIST_FILE = YES;
				MARKETING_VERSION = 1.0;
				PRODUCT_BUNDLE_IDENTIFIER = app.qjx.ReddensUITests;
				PRODUCT_NAME = "$(TARGET_NAME)";
				SWIFT_EMIT_LOC_STRINGS = NO;
				SWIFT_VERSION = 5.0;
				TEST_TARGET_NAME = Reddens;
			};
			name = Debug;
		};
		8490B9F42850F00600638718 /* Release */ = {
			isa = XCBuildConfiguration;
			buildSettings = {
				ALWAYS_EMBED_SWIFT_STANDARD_LIBRARIES = YES;
				CODE_SIGN_STYLE = Automatic;
				CURRENT_PROJECT_VERSION = 1;
				DEVELOPMENT_TEAM = 22B6NRXQVX;
				GENERATE_INFOPLIST_FILE = YES;
				MARKETING_VERSION = 1.0;
				PRODUCT_BUNDLE_IDENTIFIER = app.qjx.ReddensUITests;
				PRODUCT_NAME = "$(TARGET_NAME)";
				SWIFT_EMIT_LOC_STRINGS = NO;
				SWIFT_VERSION = 5.0;
				TEST_TARGET_NAME = Reddens;
			};
			name = Release;
		};
/* End XCBuildConfiguration section */

/* Begin XCConfigurationList section */
		8490B9C22850F00500638718 /* Build configuration list for PBXProject "Reddens" */ = {
			isa = XCConfigurationList;
			buildConfigurations = (
				8490B9EA2850F00600638718 /* Debug */,
				8490B9EB2850F00600638718 /* Release */,
			);
			defaultConfigurationIsVisible = 0;
			defaultConfigurationName = Release;
		};
		8490B9EC2850F00600638718 /* Build configuration list for PBXNativeTarget "Reddens" */ = {
			isa = XCConfigurationList;
			buildConfigurations = (
				8490B9ED2850F00600638718 /* Debug */,
				8490B9EE2850F00600638718 /* Release */,
			);
			defaultConfigurationIsVisible = 0;
			defaultConfigurationName = Release;
		};
		8490B9EF2850F00600638718 /* Build configuration list for PBXNativeTarget "ReddensTests" */ = {
			isa = XCConfigurationList;
			buildConfigurations = (
				8490B9F02850F00600638718 /* Debug */,
				8490B9F12850F00600638718 /* Release */,
			);
			defaultConfigurationIsVisible = 0;
			defaultConfigurationName = Release;
		};
		8490B9F22850F00600638718 /* Build configuration list for PBXNativeTarget "ReddensUITests" */ = {
			isa = XCConfigurationList;
			buildConfigurations = (
				8490B9F32850F00600638718 /* Debug */,
				8490B9F42850F00600638718 /* Release */,
			);
			defaultConfigurationIsVisible = 0;
			defaultConfigurationName = Release;
		};
/* End XCConfigurationList section */
	};
	rootObject = 8490B9BF2850F00500638718 /* Project object */;
}
